// !$*UTF8*$!
{
	archiveVersion = 1;
	classes = {
	};
	objectVersion = 46;
	objects = {

/* Begin PBXBuildFile section */
		F4C52C951CC1297900C9FA3B /* AppDelegate.swift in Sources */ = {isa = PBXBuildFile; fileRef = F4C52C941CC1297900C9FA3B /* AppDelegate.swift */; };
		F4C52C971CC1297900C9FA3B /* ViewController.swift in Sources */ = {isa = PBXBuildFile; fileRef = F4C52C961CC1297900C9FA3B /* ViewController.swift */; };
		F4C52C9A1CC1297900C9FA3B /* Main.storyboard in Resources */ = {isa = PBXBuildFile; fileRef = F4C52C981CC1297900C9FA3B /* Main.storyboard */; };
		F4C52C9C1CC1297900C9FA3B /* Assets.xcassets in Resources */ = {isa = PBXBuildFile; fileRef = F4C52C9B1CC1297900C9FA3B /* Assets.xcassets */; };
		F4C52C9F1CC1297900C9FA3B /* LaunchScreen.storyboard in Resources */ = {isa = PBXBuildFile; fileRef = F4C52C9D1CC1297900C9FA3B /* LaunchScreen.storyboard */; };
		F4C52CA71CC1377B00C9FA3B /* red.png in Resources */ = {isa = PBXBuildFile; fileRef = F4C52CA61CC1377B00C9FA3B /* red.png */; };
		F4C52CA91CC1378800C9FA3B /* blue.png in Resources */ = {isa = PBXBuildFile; fileRef = F4C52CA81CC1378800C9FA3B /* blue.png */; };
/* End PBXBuildFile section */

/* Begin PBXFileReference section */
		F4C52C911CC1297900C9FA3B /* Baloons.app */ = {isa = PBXFileReference; explicitFileType = wrapper.application; includeInIndex = 0; path = Baloons.app; sourceTree = BUILT_PRODUCTS_DIR; };
		F4C52C941CC1297900C9FA3B /* AppDelegate.swift */ = {isa = PBXFileReference; lastKnownFileType = sourcecode.swift; path = AppDelegate.swift; sourceTree = "<group>"; };
		F4C52C961CC1297900C9FA3B /* ViewController.swift */ = {isa = PBXFileReference; lastKnownFileType = sourcecode.swift; path = ViewController.swift; sourceTree = "<group>"; };
		F4C52C991CC1297900C9FA3B /* Base */ = {isa = PBXFileReference; lastKnownFileType = file.storyboard; name = Base; path = Base.lproj/Main.storyboard; sourceTree = "<group>"; };
		F4C52C9B1CC1297900C9FA3B /* Assets.xcassets */ = {isa = PBXFileReference; lastKnownFileType = folder.assetcatalog; path = Assets.xcassets; sourceTree = "<group>"; };
		F4C52C9E1CC1297900C9FA3B /* Base */ = {isa = PBXFileReference; lastKnownFileType = file.storyboard; name = Base; path = Base.lproj/LaunchScreen.storyboard; sourceTree = "<group>"; };
		F4C52CA01CC1297900C9FA3B /* Info.plist */ = {isa = PBXFileReference; lastKnownFileType = text.plist.xml; path = Info.plist; sourceTree = "<group>"; };
		F4C52CA61CC1377B00C9FA3B /* red.png */ = {isa = PBXFileReference; lastKnownFileType = image.png; path = red.png; sourceTree = "<group>"; };
		F4C52CA81CC1378800C9FA3B /* blue.png */ = {isa = PBXFileReference; lastKnownFileType = image.png; path = blue.png; sourceTree = "<group>"; };
/* End PBXFileReference section */

/* Begin PBXFrameworksBuildPhase section */
		F4C52C8E1CC1297900C9FA3B /* Frameworks */ = {
			isa = PBXFrameworksBuildPhase;
			buildActionMask = 2147483647;
			files = (
			);
			runOnlyForDeploymentPostprocessing = 0;
		};
/* End PBXFrameworksBuildPhase section */

/* Begin PBXGroup section */
		F4C52C881CC1297900C9FA3B = {
			isa = PBXGroup;
			children = (
				F4C52C931CC1297900C9FA3B /* Baloons */,
				F4C52C921CC1297900C9FA3B /* Products */,
			);
			sourceTree = "<group>";
		};
		F4C52C921CC1297900C9FA3B /* Products */ = {
			isa = PBXGroup;
			children = (
				F4C52C911CC1297900C9FA3B /* Baloons.app */,
			);
			name = Products;
			sourceTree = "<group>";
		};
		F4C52C931CC1297900C9FA3B /* Baloons */ = {
			isa = PBXGroup;
			children = (
				F4C52C941CC1297900C9FA3B /* AppDelegate.swift */,
				F4C52C961CC1297900C9FA3B /* ViewController.swift */,
				F4C52C981CC1297900C9FA3B /* Main.storyboard */,
				F4C52C9B1CC1297900C9FA3B /* Assets.xcassets */,
				F4C52CA81CC1378800C9FA3B /* blue.png */,
				F4C52CA61CC1377B00C9FA3B /* red.png */,
				F4C52C9D1CC1297900C9FA3B /* LaunchScreen.storyboard */,
				F4C52CA01CC1297900C9FA3B /* Info.plist */,
			);
			path = Baloons;
			sourceTree = "<group>";
		};
/* End PBXGroup section */

/* Begin PBXNativeTarget section */
		F4C52C901CC1297900C9FA3B /* Baloons */ = {
			isa = PBXNativeTarget;
			buildConfigurationList = F4C52CA31CC1297900C9FA3B /* Build configuration list for PBXNativeTarget "Baloons" */;
			buildPhases = (
				F4C52C8D1CC1297900C9FA3B /* Sources */,
				F4C52C8E1CC1297900C9FA3B /* Frameworks */,
				F4C52C8F1CC1297900C9FA3B /* Resources */,
			);
			buildRules = (
			);
			dependencies = (
			);
			name = Baloons;
			productName = Baloons;
			productReference = F4C52C911CC1297900C9FA3B /* Baloons.app */;
			productType = "com.apple.product-type.application";
		};
/* End PBXNativeTarget section */

/* Begin PBXProject section */
		F4C52C891CC1297900C9FA3B /* Project object */ = {
			isa = PBXProject;
			attributes = {
				LastSwiftUpdateCheck = 0730;
				LastUpgradeCheck = 0730;
				ORGANIZATIONNAME = "Farshid Palad";
				TargetAttributes = {
					F4C52C901CC1297900C9FA3B = {
						CreatedOnToolsVersion = 7.3;
					};
				};
			};
			buildConfigurationList = F4C52C8C1CC1297900C9FA3B /* Build configuration list for PBXProject "Baloons" */;
			compatibilityVersion = "Xcode 3.2";
			developmentRegion = English;
			hasScannedForEncodings = 0;
			knownRegions = (
				en,
				Base,
			);
			mainGroup = F4C52C881CC1297900C9FA3B;
			productRefGroup = F4C52C921CC1297900C9FA3B /* Products */;
			projectDirPath = "";
			projectRoot = "";
			targets = (
				F4C52C901CC1297900C9FA3B /* Baloons */,
			);
		};
/* End PBXProject section */

/* Begin PBXResourcesBuildPhase section */
		F4C52C8F1CC1297900C9FA3B /* Resources */ = {
			isa = PBXResourcesBuildPhase;
			buildActionMask = 2147483647;
			files = (
				F4C52C9F1CC1297900C9FA3B /* LaunchScreen.storyboard in Resources */,
				F4C52CA91CC1378800C9FA3B /* blue.png in Resources */,
				F4C52CA71CC1377B00C9FA3B /* red.png in Resources */,
				F4C52C9C1CC1297900C9FA3B /* Assets.xcassets in Resources */,
				F4C52C9A1CC1297900C9FA3B /* Main.storyboard in Resources */,
			);
			runOnlyForDeploymentPostprocessing = 0;
		};
/* End PBXResourcesBuildPhase section */

/* Begin PBXSourcesBuildPhase section */
		F4C52C8D1CC1297900C9FA3B /* Sources */ = {
			isa = PBXSourcesBuildPhase;
			buildActionMask = 2147483647;
			files = (
				F4C52C971CC1297900C9FA3B /* ViewController.swift in Sources */,
				F4C52C951CC1297900C9FA3B /* AppDelegate.swift in Sources */,
			);
			runOnlyForDeploymentPostprocessing = 0;
		};
/* End PBXSourcesBuildPhase section */

/* Begin PBXVariantGroup section */
		F4C52C981CC1297900C9FA3B /* Main.storyboard */ = {
			isa = PBXVariantGroup;
			children = (
				F4C52C991CC1297900C9FA3B /* Base */,
			);
			name = Main.storyboard;
			sourceTree = "<group>";
		};
		F4C52C9D1CC1297900C9FA3B /* LaunchScreen.storyboard */ = {
			isa = PBXVariantGroup;
			children = (
				F4C52C9E1CC1297900C9FA3B /* Base */,
			);
			name = LaunchScreen.storyboard;
			sourceTree = "<group>";
		};
/* End PBXVariantGroup section */

/* Begin XCBuildConfiguration section */
		F4C52CA11CC1297900C9FA3B /* Debug */ = {
			isa = XCBuildConfiguration;
			buildSettings = {
				ALWAYS_SEARCH_USER_PATHS = NO;
				CLANG_ANALYZER_NONNULL = YES;
				CLANG_CXX_LANGUAGE_STANDARD = "gnu++0x";
				CLANG_CXX_LIBRARY = "libc++";
				CLANG_ENABLE_MODULES = YES;
				CLANG_ENABLE_OBJC_ARC = YES;
				CLANG_WARN_BOOL_CONVERSION = YES;
				CLANG_WARN_CONSTANT_CONVERSION = YES;
				CLANG_WARN_DIRECT_OBJC_ISA_USAGE = YES_ERROR;
				CLANG_WARN_EMPTY_BODY = YES;
				CLANG_WARN_ENUM_CONVERSION = YES;
				CLANG_WARN_INT_CONVERSION = YES;
				CLANG_WARN_OBJC_ROOT_CLASS = YES_ERROR;
				CLANG_WARN_UNREACHABLE_CODE = YES;
				CLANG_WARN__DUPLICATE_METHOD_MATCH = YES;
				"CODE_SIGN_IDENTITY[sdk=iphoneos*]" = "iPhone Developer";
				COPY_PHASE_STRIP = NO;
				DEBUG_INFORMATION_FORMAT = dwarf;
				ENABLE_STRICT_OBJC_MSGSEND = YES;
				ENABLE_TESTABILITY = YES;
				GCC_C_LANGUAGE_STANDARD = gnu99;
				GCC_DYNAMIC_NO_PIC = NO;
				GCC_NO_COMMON_BLOCKS = YES;
				GCC_OPTIMIZATION_LEVEL = 0;
				GCC_PREPROCESSOR_DEFINITIONS = (
					"DEBUG=1",
					"$(inherited)",
				);
				GCC_WARN_64_TO_32_BIT_CONVERSION = YES;
				GCC_WARN_ABOUT_RETURN_TYPE = YES_ERROR;
				GCC_WARN_UNDECLARED_SELECTOR = YES;
				GCC_WARN_UNINITIALIZED_AUTOS = YES_AGGRESSIVE;
				GCC_WARN_UNUSED_FUNCTION = YES;
				GCC_WARN_UNUSED_VARIABLE = YES;
				IPHONEOS_DEPLOYMENT_TARGET = 9.3;
				MTL_ENABLE_DEBUG_INFO = YES;
				ONLY_ACTIVE_ARCH = YES;
				SDKROOT = iphoneos;
				SWIFT_OPTIMIZATION_LEVEL = "-Onone";
			};
			name = Debug;
		};
		F4C52CA21CC1297900C9FA3B /* Release */ = {
			isa = XCBuildConfiguration;
			buildSettings = {
				ALWAYS_SEARCH_USER_PATHS = NO;
				CLANG_ANALYZER_NONNULL = YES;
				CLANG_CXX_LANGUAGE_STANDARD = "gnu++0x";
				CLANG_CXX_LIBRARY = "libc++";
				CLANG_ENABLE_MODULES = YES;
				CLANG_ENABLE_OBJC_ARC = YES;
				CLANG_WARN_BOOL_CONVERSION = YES;
				CLANG_WARN_CONSTANT_CONVERSION = YES;
				CLANG_WARN_DIRECT_OBJC_ISA_USAGE = YES_ERROR;
				CLANG_WARN_EMPTY_BODY = YES;
				CLANG_WARN_ENUM_CONVERSION = YES;
				CLANG_WARN_INT_CONVERSION = YES;
				CLANG_WARN_OBJC_ROOT_CLASS = YES_ERROR;
				CLANG_WARN_UNREACHABLE_CODE = YES;
				CLANG_WARN__DUPLICATE_METHOD_MATCH = YES;
				"CODE_SIGN_IDENTITY[sdk=iphoneos*]" = "iPhone Developer";
				COPY_PHASE_STRIP = NO;
				DEBUG_INFORMATION_FORMAT = "dwarf-with-dsym";
				ENABLE_NS_ASSERTIONS = NO;
				ENABLE_STRICT_OBJC_MSGSEND = YES;
				GCC_C_LANGUAGE_STANDARD = gnu99;
				GCC_NO_COMMON_BLOCKS = YES;
				GCC_WARN_64_TO_32_BIT_CONVERSION = YES;
				GCC_WARN_ABOUT_RETURN_TYPE = YES_ERROR;
				GCC_WARN_UNDECLARED_SELECTOR = YES;
				GCC_WARN_UNINITIALIZED_AUTOS = YES_AGGRESSIVE;
				GCC_WARN_UNUSED_FUNCTION = YES;
				GCC_WARN_UNUSED_VARIABLE = YES;
				IPHONEOS_DEPLOYMENT_TARGET = 9.3;
				MTL_ENABLE_DEBUG_INFO = NO;
				SDKROOT = iphoneos;
				VALIDATE_PRODUCT = YES;
			};
			name = Release;
		};
		F4C52CA41CC1297900C9FA3B /* Debug */ = {
			isa = XCBuildConfiguration;
			buildSettings = {
				ASSETCATALOG_COMPILER_APPICON_NAME = AppIcon;
				INFOPLIST_FILE = Baloons/Info.plist;
				LD_RUNPATH_SEARCH_PATHS = "$(inherited) @executable_path/Frameworks";
				PRODUCT_BUNDLE_IDENTIFIER = com.farshidpalad.Baloons;
				PRODUCT_NAME = "$(TARGET_NAME)";
			};
			name = Debug;
		};
		F4C52CA51CC1297900C9FA3B /* Release */ = {
			isa = XCBuildConfiguration;
			buildSettings = {
				ASSETCATALOG_COMPILER_APPICON_NAME = AppIcon;
				INFOPLIST_FILE = Baloons/Info.plist;
				LD_RUNPATH_SEARCH_PATHS = "$(inherited) @executable_path/Frameworks";
				PRODUCT_BUNDLE_IDENTIFIER = com.farshidpalad.Baloons;
				PRODUCT_NAME = "$(TARGET_NAME)";
			};
			name = Release;
		};
/* End XCBuildConfiguration section */

/* Begin XCConfigurationList section */
		F4C52C8C1CC1297900C9FA3B /* Build configuration list for PBXProject "Baloons" */ = {
			isa = XCConfigurationList;
			buildConfigurations = (
				F4C52CA11CC1297900C9FA3B /* Debug */,
				F4C52CA21CC1297900C9FA3B /* Release */,
			);
			defaultConfigurationIsVisible = 0;
			defaultConfigurationName = Release;
		};
		F4C52CA31CC1297900C9FA3B /* Build configuration list for PBXNativeTarget "Baloons" */ = {
			isa = XCConfigurationList;
			buildConfigurations = (
				F4C52CA41CC1297900C9FA3B /* Debug */,
				F4C52CA51CC1297900C9FA3B /* Release */,
			);
			defaultConfigurationIsVisible = 0;
		};
/* End XCConfigurationList section */
	};
	rootObject = F4C52C891CC1297900C9FA3B /* Project object */;
}
